
Microsoft Visual Studio Solution File, Format Version 12.00
# Visual Studio 15
VisualStudioVersion = 15.0.27004.2005
MinimumVisualStudioVersion = 10.0.40219.1
Project("{FAE04EC0-301F-11D3-BF4B-00C04F79EFBC}") = "PPC_Rental", "PPC_Rental\PPC_Rental.csproj", "{453DAAEE-8629-42D7-BBEB-A1B5E8F4ACA1}"
EndProject
Global
	GlobalSection(SolutionConfigurationPlatforms) = preSolution
		Debug|Any CPU = Debug|Any CPU
		Release|Any CPU = Release|Any CPU
	EndGlobalSection
	GlobalSection(ProjectConfigurationPlatforms) = postSolution
		{453DAAEE-8629-42D7-BBEB-A1B5E8F4ACA1}.Debug|Any CPU.ActiveCfg = Debug|Any CPU
		{453DAAEE-8629-42D7-BBEB-A1B5E8F4ACA1}.Debug|Any CPU.Build.0 = Debug|Any CPU
		{453DAAEE-8629-42D7-BBEB-A1B5E8F4ACA1}.Release|Any CPU.ActiveCfg = Release|Any CPU
		{453DAAEE-8629-42D7-BBEB-A1B5E8F4ACA1}.Release|Any CPU.Build.0 = Release|Any CPU
	EndGlobalSection
	GlobalSection(SolutionProperties) = preSolution
		HideSolutionNode = FALSE
	EndGlobalSection
	GlobalSection(ExtensibilityGlobals) = postSolution
		SolutionGuid = {3527500C-9363-4E82-8581-32E568C4CA35}
	EndGlobalSection
EndGlobal
